
Microsoft Visual Studio Solution File, Format Version 12.00
# Visual Studio Version 17
VisualStudioVersion = 17.5.002.0
MinimumVisualStudioVersion = 10.0.40219.1
Project("{9A19103F-16F7-4668-BE54-9A1E7A4F7556}") = "wk02_medal", "wk02_medal.csproj", "{EF807F8B-C753-4D46-9D4E-23992368E8BE}"
EndProject
Global
	GlobalSection(SolutionConfigurationPlatforms) = preSolution
		Debug|Any CPU = Debug|Any CPU
		Release|Any CPU = Release|Any CPU
	EndGlobalSection
	GlobalSection(ProjectConfigurationPlatforms) = postSolution
		{EF807F8B-C753-4D46-9D4E-23992368E8BE}.Debug|Any CPU.ActiveCfg = Debug|Any CPU
		{EF807F8B-C753-4D46-9D4E-23992368E8BE}.Debug|Any CPU.Build.0 = Debug|Any CPU
		{EF807F8B-C753-4D46-9D4E-23992368E8BE}.Release|Any CPU.ActiveCfg = Release|Any CPU
		{EF807F8B-C753-4D46-9D4E-23992368E8BE}.Release|Any CPU.Build.0 = Release|Any CPU
	EndGlobalSection
	GlobalSection(SolutionProperties) = preSolution
		HideSolutionNode = FALSE
	EndGlobalSection
	GlobalSection(ExtensibilityGlobals) = postSolution
		SolutionGuid = {B81AE0A7-831B-4F4E-A59F-0DADB4577F26}
	EndGlobalSection
EndGlobal
